
Microsoft Visual Studio Solution File, Format Version 12.00
# Visual Studio 15
VisualStudioVersion = 15.0.27004.2009
MinimumVisualStudioVersion = 10.0.40219.1
Project("{F184B08F-C81C-45F6-A57F-5ABD9991F28F}") = "GetUptime", "GetUptime\GetUptime.vbproj", "{52E395F4-6E36-4CFB-BA3A-41914181AC17}"
EndProject
Global
	GlobalSection(SolutionConfigurationPlatforms) = preSolution
		Debug|Any CPU = Debug|Any CPU
		Release|Any CPU = Release|Any CPU
	EndGlobalSection
	GlobalSection(ProjectConfigurationPlatforms) = postSolution
		{52E395F4-6E36-4CFB-BA3A-41914181AC17}.Debug|Any CPU.ActiveCfg = Debug|Any CPU
		{52E395F4-6E36-4CFB-BA3A-41914181AC17}.Debug|Any CPU.Build.0 = Debug|Any CPU
		{52E395F4-6E36-4CFB-BA3A-41914181AC17}.Release|Any CPU.ActiveCfg = Release|Any CPU
		{52E395F4-6E36-4CFB-BA3A-41914181AC17}.Release|Any CPU.Build.0 = Release|Any CPU
	EndGlobalSection
	GlobalSection(SolutionProperties) = preSolution
		HideSolutionNode = FALSE
	EndGlobalSection
	GlobalSection(ExtensibilityGlobals) = postSolution
		SolutionGuid = {A651B9D5-73D5-4227-8F60-094151E3203F}
	EndGlobalSection
EndGlobal
